
Microsoft Visual Studio Solution File, Format Version 12.00
# Visual Studio Version 17
VisualStudioVersion = 17.0.32112.339
MinimumVisualStudioVersion = 10.0.40219.1
Project("{FAE04EC0-301F-11D3-BF4B-00C04F79EFBC}") = "BlazorDateFormatDiscrepancyDemo.Server", "BlazorDateFormatDiscrepancyDemo\Server\BlazorDateFormatDiscrepancyDemo.Server.csproj", "{2D5AFEEF-4718-465A-A8EC-6E1DC2C841D7}"
EndProject
Project("{FAE04EC0-301F-11D3-BF4B-00C04F79EFBC}") = "BlazorDateFormatDiscrepancyDemo.Client", "BlazorDateFormatDiscrepancyDemo\Client\BlazorDateFormatDiscrepancyDemo.Client.csproj", "{4B0BD407-06B3-4494-977A-8EBB2C568460}"
EndProject
Project("{FAE04EC0-301F-11D3-BF4B-00C04F79EFBC}") = "BlazorDateFormatDiscrepancyDemo.Shared", "BlazorDateFormatDiscrepancyDemo\Shared\BlazorDateFormatDiscrepancyDemo.Shared.csproj", "{006FAD57-C596-4406-A9E0-1FDB362A092A}"
EndProject
Global
	GlobalSection(SolutionConfigurationPlatforms) = preSolution
		Debug|Any CPU = Debug|Any CPU
		Release|Any CPU = Release|Any CPU
	EndGlobalSection
	GlobalSection(ProjectConfigurationPlatforms) = postSolution
		{2D5AFEEF-4718-465A-A8EC-6E1DC2C841D7}.Debug|Any CPU.ActiveCfg = Debug|Any CPU
		{2D5AFEEF-4718-465A-A8EC-6E1DC2C841D7}.Debug|Any CPU.Build.0 = Debug|Any CPU
		{2D5AFEEF-4718-465A-A8EC-6E1DC2C841D7}.Release|Any CPU.ActiveCfg = Release|Any CPU
		{2D5AFEEF-4718-465A-A8EC-6E1DC2C841D7}.Release|Any CPU.Build.0 = Release|Any CPU
		{4B0BD407-06B3-4494-977A-8EBB2C568460}.Debug|Any CPU.ActiveCfg = Debug|Any CPU
		{4B0BD407-06B3-4494-977A-8EBB2C568460}.Debug|Any CPU.Build.0 = Debug|Any CPU
		{4B0BD407-06B3-4494-977A-8EBB2C568460}.Release|Any CPU.ActiveCfg = Release|Any CPU
		{4B0BD407-06B3-4494-977A-8EBB2C568460}.Release|Any CPU.Build.0 = Release|Any CPU
		{006FAD57-C596-4406-A9E0-1FDB362A092A}.Debug|Any CPU.ActiveCfg = Debug|Any CPU
		{006FAD57-C596-4406-A9E0-1FDB362A092A}.Debug|Any CPU.Build.0 = Debug|Any CPU
		{006FAD57-C596-4406-A9E0-1FDB362A092A}.Release|Any CPU.ActiveCfg = Release|Any CPU
		{006FAD57-C596-4406-A9E0-1FDB362A092A}.Release|Any CPU.Build.0 = Release|Any CPU
	EndGlobalSection
	GlobalSection(SolutionProperties) = preSolution
		HideSolutionNode = FALSE
	EndGlobalSection
	GlobalSection(ExtensibilityGlobals) = postSolution
		SolutionGuid = {89E358A3-DB0F-4088-BF81-B71EACE8E390}
	EndGlobalSection
EndGlobal
